<?xml version="1.0" encoding="UTF-8"?>
<CodeBlocks_project_file>
	<FileVersion major="1" minor="6"/>
	<Project>
		<Option title="JLURoboVision"/>
		<Option makefile_is_custom="1"/>
		<Option compiler="gcc"/>
		<Option virtualFolders="CMake Files\;CMake Files\..\;CMake Files\..\..\;CMake Files\..\..\..\;CMake Files\..\..\..\..\;CMake Files\..\..\..\..\..\;CMake Files\..\..\..\..\..\usr\;CMake Files\..\..\..\..\..\usr\local\;CMake Files\..\..\..\..\..\usr\local\lib\;CMake Files\..\..\..\..\..\usr\local\lib\cmake\;CMake Files\..\..\..\..\..\usr\local\lib\cmake\opencv4\;CMake Files\..\..\..\..\..\usr\lib\;CMake Files\..\..\..\..\..\usr\lib\cmake\;CMake Files\..\..\..\..\..\usr\lib\cmake\eigen3\;CMake Files\..\..\..\..\..\usr\lib\x86_64-linux-gnu\;CMake Files\..\..\..\..\..\usr\lib\x86_64-linux-gnu\cmake\;CMake Files\..\..\..\..\..\usr\lib\x86_64-linux-gnu\cmake\yaml-cpp\;CMake Files\..\..\..\..\..\opt\;CMake Files\..\..\..\..\..\opt\ros\;CMake Files\..\..\..\..\..\opt\ros\noetic\;CMake Files\..\..\..\..\..\opt\ros\noetic\share\;CMake Files\..\..\..\..\..\opt\ros\noetic\share\sophus\;CMake Files\..\..\..\..\..\opt\ros\noetic\share\sophus\cmake\;CMake Files\Debug\;"/>
		<Build>
			<Target title="all">
				<Option working_dir="/home/shaobing2/Desktop/Final/jlurobo-vision-2023-master"/>
				<Option type="4"/>
				<MakeCommands>
					<Build command="/usr/bin/make -f &quot;/home/shaobing2/Desktop/Final/jlurobo-vision-2023-master/Makefile&quot;  VERBOSE=1 all"/>
					<CompileFile command="/usr/bin/make -f &quot;/home/shaobing2/Desktop/Final/jlurobo-vision-2023-master/Makefile&quot;  VERBOSE=1 &quot;$file&quot;"/>
					<Clean command="/usr/bin/make -f &quot;/home/shaobing2/Desktop/Final/jlurobo-vision-2023-master/Makefile&quot;  VERBOSE=1 clean"/>
					<DistClean command="/usr/bin/make -f &quot;/home/shaobing2/Desktop/Final/jlurobo-vision-2023-master/Makefile&quot;  VERBOSE=1 clean"/>
				</MakeCommands>
			</Target>
			<Target title="JLURoboVision">
				<Option output="/home/shaobing2/Desktop/Final/jlurobo-vision-2023-master/JLURoboVision" prefix_auto="0" extension_auto="0"/>
				<Option working_dir="/home/shaobing2/Desktop/Final/jlurobo-vision-2023-master"/>
				<Option object_output="./"/>
				<Option type="1"/>
				<Option compiler="gcc"/>
				<Compiler>
					<Add directory="/usr/include/eigen3"/>
					<Add directory="/home/shaobing2/Desktop/Final/jlurobo-vision-2023-master/."/>
					<Add directory="/home/shaobing2/Desktop/Final/jlurobo-vision-2023-master/AngleSolver"/>
					<Add directory="/home/shaobing2/Desktop/Final/jlurobo-vision-2023-master/Armor"/>
					<Add directory="/home/shaobing2/Desktop/Final/jlurobo-vision-2023-master/Can"/>
					<Add directory="/home/shaobing2/Desktop/Final/jlurobo-vision-2023-master/Debug"/>
					<Add directory="/home/shaobing2/Desktop/Final/jlurobo-vision-2023-master/General"/>
					<Add directory="/home/shaobing2/Desktop/Final/jlurobo-vision-2023-master/GxCamera"/>
					<Add directory="/home/shaobing2/Desktop/Final/jlurobo-vision-2023-master/GxCamera/GxSDK"/>
					<Add directory="/home/shaobing2/Desktop/Final/jlurobo-vision-2023-master/Main"/>
					<Add directory="/home/shaobing2/Desktop/Final/jlurobo-vision-2023-master/Serial"/>
					<Add directory="/home/shaobing2/Desktop/Final/jlurobo-vision-2023-master/Wind"/>
					<Add directory="/home/shaobing2/Desktop/Final/jlurobo-vision-2023-master/Debug/imgui"/>
					<Add directory="/usr/include/SDL2"/>
					<Add directory="/usr/local/include/opencv4"/>
				</Compiler>
				<MakeCommands>
					<Build command="/usr/bin/make -f &quot;/home/shaobing2/Desktop/Final/jlurobo-vision-2023-master/Makefile&quot;  VERBOSE=1 JLURoboVision"/>
					<CompileFile command="/usr/bin/make -f &quot;/home/shaobing2/Desktop/Final/jlurobo-vision-2023-master/Makefile&quot;  VERBOSE=1 &quot;$file&quot;"/>
					<Clean command="/usr/bin/make -f &quot;/home/shaobing2/Desktop/Final/jlurobo-vision-2023-master/Makefile&quot;  VERBOSE=1 clean"/>
					<DistClean command="/usr/bin/make -f &quot;/home/shaobing2/Desktop/Final/jlurobo-vision-2023-master/Makefile&quot;  VERBOSE=1 clean"/>
				</MakeCommands>
			</Target>
			<Target title="JLURoboVision/fast">
				<Option output="/home/shaobing2/Desktop/Final/jlurobo-vision-2023-master/JLURoboVision" prefix_auto="0" extension_auto="0"/>
				<Option working_dir="/home/shaobing2/Desktop/Final/jlurobo-vision-2023-master"/>
				<Option object_output="./"/>
				<Option type="1"/>
				<Option compiler="gcc"/>
				<Compiler>
					<Add directory="/usr/include/eigen3"/>
					<Add directory="/home/shaobing2/Desktop/Final/jlurobo-vision-2023-master/."/>
					<Add directory="/home/shaobing2/Desktop/Final/jlurobo-vision-2023-master/AngleSolver"/>
					<Add directory="/home/shaobing2/Desktop/Final/jlurobo-vision-2023-master/Armor"/>
					<Add directory="/home/shaobing2/Desktop/Final/jlurobo-vision-2023-master/Can"/>
					<Add directory="/home/shaobing2/Desktop/Final/jlurobo-vision-2023-master/Debug"/>
					<Add directory="/home/shaobing2/Desktop/Final/jlurobo-vision-2023-master/General"/>
					<Add directory="/home/shaobing2/Desktop/Final/jlurobo-vision-2023-master/GxCamera"/>
					<Add directory="/home/shaobing2/Desktop/Final/jlurobo-vision-2023-master/GxCamera/GxSDK"/>
					<Add directory="/home/shaobing2/Desktop/Final/jlurobo-vision-2023-master/Main"/>
					<Add directory="/home/shaobing2/Desktop/Final/jlurobo-vision-2023-master/Serial"/>
					<Add directory="/home/shaobing2/Desktop/Final/jlurobo-vision-2023-master/Wind"/>
					<Add directory="/home/shaobing2/Desktop/Final/jlurobo-vision-2023-master/Debug/imgui"/>
					<Add directory="/usr/include/SDL2"/>
					<Add directory="/usr/local/include/opencv4"/>
				</Compiler>
				<MakeCommands>
					<Build command="/usr/bin/make -f &quot;/home/shaobing2/Desktop/Final/jlurobo-vision-2023-master/Makefile&quot;  VERBOSE=1 JLURoboVision/fast"/>
					<CompileFile command="/usr/bin/make -f &quot;/home/shaobing2/Desktop/Final/jlurobo-vision-2023-master/Makefile&quot;  VERBOSE=1 &quot;$file&quot;"/>
					<Clean command="/usr/bin/make -f &quot;/home/shaobing2/Desktop/Final/jlurobo-vision-2023-master/Makefile&quot;  VERBOSE=1 clean"/>
					<DistClean command="/usr/bin/make -f &quot;/home/shaobing2/Desktop/Final/jlurobo-vision-2023-master/Makefile&quot;  VERBOSE=1 clean"/>
				</MakeCommands>
			</Target>
			<Target title="edit_cache">
				<Option working_dir="/home/shaobing2/Desktop/Final/jlurobo-vision-2023-master"/>
				<Option type="4"/>
				<MakeCommands>
					<Build command="/usr/bin/make -f &quot;/home/shaobing2/Desktop/Final/jlurobo-vision-2023-master/Makefile&quot;  VERBOSE=1 edit_cache"/>
					<CompileFile command="/usr/bin/make -f &quot;/home/shaobing2/Desktop/Final/jlurobo-vision-2023-master/Makefile&quot;  VERBOSE=1 &quot;$file&quot;"/>
					<Clean command="/usr/bin/make -f &quot;/home/shaobing2/Desktop/Final/jlurobo-vision-2023-master/Makefile&quot;  VERBOSE=1 clean"/>
					<DistClean command="/usr/bin/make -f &quot;/home/shaobing2/Desktop/Final/jlurobo-vision-2023-master/Makefile&quot;  VERBOSE=1 clean"/>
				</MakeCommands>
			</Target>
			<Target title="rebuild_cache">
				<Option working_dir="/home/shaobing2/Desktop/Final/jlurobo-vision-2023-master"/>
				<Option type="4"/>
				<MakeCommands>
					<Build command="/usr/bin/make -f &quot;/home/shaobing2/Desktop/Final/jlurobo-vision-2023-master/Makefile&quot;  VERBOSE=1 rebuild_cache"/>
					<CompileFile command="/usr/bin/make -f &quot;/home/shaobing2/Desktop/Final/jlurobo-vision-2023-master/Makefile&quot;  VERBOSE=1 &quot;$file&quot;"/>
					<Clean command="/usr/bin/make -f &quot;/home/shaobing2/Desktop/Final/jlurobo-vision-2023-master/Makefile&quot;  VERBOSE=1 clean"/>
					<DistClean command="/usr/bin/make -f &quot;/home/shaobing2/Desktop/Final/jlurobo-vision-2023-master/Makefile&quot;  VERBOSE=1 clean"/>
				</MakeCommands>
			</Target>
			<Target title="ImguiDbgkit">
				<Option output="/home/shaobing2/Desktop/Final/jlurobo-vision-2023-master/Debug/libImguiDbgkit.a" prefix_auto="0" extension_auto="0"/>
				<Option working_dir="/home/shaobing2/Desktop/Final/jlurobo-vision-2023-master/Debug"/>
				<Option object_output="./"/>
				<Option type="2"/>
				<Option compiler="gcc"/>
				<Compiler>
					<Add directory="/usr/local/include/opencv4"/>
					<Add directory="/usr/include/eigen3"/>
					<Add directory="/home/shaobing2/Desktop/Final/jlurobo-vision-2023-master/."/>
					<Add directory="/home/shaobing2/Desktop/Final/jlurobo-vision-2023-master/AngleSolver"/>
					<Add directory="/home/shaobing2/Desktop/Final/jlurobo-vision-2023-master/Armor"/>
					<Add directory="/home/shaobing2/Desktop/Final/jlurobo-vision-2023-master/Can"/>
					<Add directory="/home/shaobing2/Desktop/Final/jlurobo-vision-2023-master/Debug"/>
					<Add directory="/home/shaobing2/Desktop/Final/jlurobo-vision-2023-master/General"/>
					<Add directory="/home/shaobing2/Desktop/Final/jlurobo-vision-2023-master/GxCamera"/>
					<Add directory="/home/shaobing2/Desktop/Final/jlurobo-vision-2023-master/GxCamera/GxSDK"/>
					<Add directory="/home/shaobing2/Desktop/Final/jlurobo-vision-2023-master/Main"/>
					<Add directory="/home/shaobing2/Desktop/Final/jlurobo-vision-2023-master/Serial"/>
					<Add directory="/home/shaobing2/Desktop/Final/jlurobo-vision-2023-master/Wind"/>
					<Add directory="/usr/include/SDL2"/>
					<Add directory="/home/shaobing2/Desktop/Final/jlurobo-vision-2023-master/Debug/imgui"/>
					<Add directory="/home/shaobing2/Desktop/Final/jlurobo-vision-2023-master/Debug/imGuIZMO.quat"/>
				</Compiler>
				<MakeCommands>
					<Build command="/usr/bin/make -f &quot;/home/shaobing2/Desktop/Final/jlurobo-vision-2023-master/Debug/Makefile&quot;  VERBOSE=1 ImguiDbgkit"/>
					<CompileFile command="/usr/bin/make -f &quot;/home/shaobing2/Desktop/Final/jlurobo-vision-2023-master/Debug/Makefile&quot;  VERBOSE=1 &quot;$file&quot;"/>
					<Clean command="/usr/bin/make -f &quot;/home/shaobing2/Desktop/Final/jlurobo-vision-2023-master/Debug/Makefile&quot;  VERBOSE=1 clean"/>
					<DistClean command="/usr/bin/make -f &quot;/home/shaobing2/Desktop/Final/jlurobo-vision-2023-master/Debug/Makefile&quot;  VERBOSE=1 clean"/>
				</MakeCommands>
			</Target>
			<Target title="ImguiDbgkit/fast">
				<Option output="/home/shaobing2/Desktop/Final/jlurobo-vision-2023-master/Debug/libImguiDbgkit.a" prefix_auto="0" extension_auto="0"/>
				<Option working_dir="/home/shaobing2/Desktop/Final/jlurobo-vision-2023-master/Debug"/>
				<Option object_output="./"/>
				<Option type="2"/>
				<Option compiler="gcc"/>
				<Compiler>
					<Add directory="/usr/local/include/opencv4"/>
					<Add directory="/usr/include/eigen3"/>
					<Add directory="/home/shaobing2/Desktop/Final/jlurobo-vision-2023-master/."/>
					<Add directory="/home/shaobing2/Desktop/Final/jlurobo-vision-2023-master/AngleSolver"/>
					<Add directory="/home/shaobing2/Desktop/Final/jlurobo-vision-2023-master/Armor"/>
					<Add directory="/home/shaobing2/Desktop/Final/jlurobo-vision-2023-master/Can"/>
					<Add directory="/home/shaobing2/Desktop/Final/jlurobo-vision-2023-master/Debug"/>
					<Add directory="/home/shaobing2/Desktop/Final/jlurobo-vision-2023-master/General"/>
					<Add directory="/home/shaobing2/Desktop/Final/jlurobo-vision-2023-master/GxCamera"/>
					<Add directory="/home/shaobing2/Desktop/Final/jlurobo-vision-2023-master/GxCamera/GxSDK"/>
					<Add directory="/home/shaobing2/Desktop/Final/jlurobo-vision-2023-master/Main"/>
					<Add directory="/home/shaobing2/Desktop/Final/jlurobo-vision-2023-master/Serial"/>
					<Add directory="/home/shaobing2/Desktop/Final/jlurobo-vision-2023-master/Wind"/>
					<Add directory="/usr/include/SDL2"/>
					<Add directory="/home/shaobing2/Desktop/Final/jlurobo-vision-2023-master/Debug/imgui"/>
					<Add directory="/home/shaobing2/Desktop/Final/jlurobo-vision-2023-master/Debug/imGuIZMO.quat"/>
				</Compiler>
				<MakeCommands>
					<Build command="/usr/bin/make -f &quot;/home/shaobing2/Desktop/Final/jlurobo-vision-2023-master/Debug/Makefile&quot;  VERBOSE=1 ImguiDbgkit/fast"/>
					<CompileFile command="/usr/bin/make -f &quot;/home/shaobing2/Desktop/Final/jlurobo-vision-2023-master/Debug/Makefile&quot;  VERBOSE=1 &quot;$file&quot;"/>
					<Clean command="/usr/bin/make -f &quot;/home/shaobing2/Desktop/Final/jlurobo-vision-2023-master/Debug/Makefile&quot;  VERBOSE=1 clean"/>
					<DistClean command="/usr/bin/make -f &quot;/home/shaobing2/Desktop/Final/jlurobo-vision-2023-master/Debug/Makefile&quot;  VERBOSE=1 clean"/>
				</MakeCommands>
			</Target>
		</Build>
		<Unit filename="/home/shaobing2/Desktop/Final/jlurobo-vision-2023-master/AngleSolver/AngleSolver.cpp">
			<Option target="JLURoboVision"/>
		</Unit>
		<Unit filename="/home/shaobing2/Desktop/Final/jlurobo-vision-2023-master/AngleSolver/AngleSolver.h">
			<Option target="JLURoboVision"/>
		</Unit>
		<Unit filename="/home/shaobing2/Desktop/Final/jlurobo-vision-2023-master/Armor/Armor.h">
			<Option target="JLURoboVision"/>
		</Unit>
		<Unit filename="/home/shaobing2/Desktop/Final/jlurobo-vision-2023-master/Armor/detector/ArmorBox.cpp">
			<Option target="JLURoboVision"/>
		</Unit>
		<Unit filename="/home/shaobing2/Desktop/Final/jlurobo-vision-2023-master/Armor/detector/ArmorDebug.cpp">
			<Option target="JLURoboVision"/>
		</Unit>
		<Unit filename="/home/shaobing2/Desktop/Final/jlurobo-vision-2023-master/Armor/detector/ArmorDetector.cpp">
			<Option target="JLURoboVision"/>
		</Unit>
		<Unit filename="/home/shaobing2/Desktop/Final/jlurobo-vision-2023-master/Armor/detector/ArmorNumClassifier.cpp">
			<Option target="JLURoboVision"/>
		</Unit>
		<Unit filename="/home/shaobing2/Desktop/Final/jlurobo-vision-2023-master/Armor/detector/LightBar.cpp">
			<Option target="JLURoboVision"/>
		</Unit>
		<Unit filename="/home/shaobing2/Desktop/Final/jlurobo-vision-2023-master/Armor/detector/findLights.cpp">
			<Option target="JLURoboVision"/>
		</Unit>
		<Unit filename="/home/shaobing2/Desktop/Final/jlurobo-vision-2023-master/Armor/detector/matchArmors.cpp">
			<Option target="JLURoboVision"/>
		</Unit>
		<Unit filename="/home/shaobing2/Desktop/Final/jlurobo-vision-2023-master/Armor/predictor/AdaptiveEKF.h">
			<Option target="JLURoboVision"/>
		</Unit>
		<Unit filename="/home/shaobing2/Desktop/Final/jlurobo-vision-2023-master/Armor/predictor/AntiScopperil.cpp">
			<Option target="JLURoboVision"/>
		</Unit>
		<Unit filename="/home/shaobing2/Desktop/Final/jlurobo-vision-2023-master/Armor/predictor/AntiScopperil.h">
			<Option target="JLURoboVision"/>
		</Unit>
		<Unit filename="/home/shaobing2/Desktop/Final/jlurobo-vision-2023-master/Armor/predictor/PredictPitch.cpp">
			<Option target="JLURoboVision"/>
		</Unit>
		<Unit filename="/home/shaobing2/Desktop/Final/jlurobo-vision-2023-master/Armor/predictor/PredictPitch.h">
			<Option target="JLURoboVision"/>
		</Unit>
		<Unit filename="/home/shaobing2/Desktop/Final/jlurobo-vision-2023-master/Armor/predictor/TrackState.cpp">
			<Option target="JLURoboVision"/>
		</Unit>
		<Unit filename="/home/shaobing2/Desktop/Final/jlurobo-vision-2023-master/Armor/predictor/kalman_filter.cpp">
			<Option target="JLURoboVision"/>
		</Unit>
		<Unit filename="/home/shaobing2/Desktop/Final/jlurobo-vision-2023-master/Armor/predictor/kalman_filter.hpp">
			<Option target="JLURoboVision"/>
		</Unit>
		<Unit filename="/home/shaobing2/Desktop/Final/jlurobo-vision-2023-master/Debug/Dbg3DScene.cpp">
			<Option target="ImguiDbgkit"/>
		</Unit>
		<Unit filename="/home/shaobing2/Desktop/Final/jlurobo-vision-2023-master/Debug/Dbg3DScene.h">
			<Option target="ImguiDbgkit"/>
		</Unit>
		<Unit filename="/home/shaobing2/Desktop/Final/jlurobo-vision-2023-master/Debug/DbgGraph.cpp">
			<Option target="ImguiDbgkit"/>
		</Unit>
		<Unit filename="/home/shaobing2/Desktop/Final/jlurobo-vision-2023-master/Debug/DbgGraph.h">
			<Option target="ImguiDbgkit"/>
		</Unit>
		<Unit filename="/home/shaobing2/Desktop/Final/jlurobo-vision-2023-master/Debug/ImGuizmo/GraphEditor.cpp">
			<Option target="ImguiDbgkit"/>
		</Unit>
		<Unit filename="/home/shaobing2/Desktop/Final/jlurobo-vision-2023-master/Debug/ImGuizmo/GraphEditor.h">
			<Option target="ImguiDbgkit"/>
		</Unit>
		<Unit filename="/home/shaobing2/Desktop/Final/jlurobo-vision-2023-master/Debug/ImGuizmo/ImCurveEdit.cpp">
			<Option target="ImguiDbgkit"/>
		</Unit>
		<Unit filename="/home/shaobing2/Desktop/Final/jlurobo-vision-2023-master/Debug/ImGuizmo/ImCurveEdit.h">
			<Option target="ImguiDbgkit"/>
		</Unit>
		<Unit filename="/home/shaobing2/Desktop/Final/jlurobo-vision-2023-master/Debug/ImGuizmo/ImGradient.cpp">
			<Option target="ImguiDbgkit"/>
		</Unit>
		<Unit filename="/home/shaobing2/Desktop/Final/jlurobo-vision-2023-master/Debug/ImGuizmo/ImGradient.h">
			<Option target="ImguiDbgkit"/>
		</Unit>
		<Unit filename="/home/shaobing2/Desktop/Final/jlurobo-vision-2023-master/Debug/ImGuizmo/ImGuizmo.cpp">
			<Option target="ImguiDbgkit"/>
		</Unit>
		<Unit filename="/home/shaobing2/Desktop/Final/jlurobo-vision-2023-master/Debug/ImGuizmo/ImGuizmo.h">
			<Option target="ImguiDbgkit"/>
		</Unit>
		<Unit filename="/home/shaobing2/Desktop/Final/jlurobo-vision-2023-master/Debug/ImGuizmo/ImSequencer.cpp">
			<Option target="ImguiDbgkit"/>
		</Unit>
		<Unit filename="/home/shaobing2/Desktop/Final/jlurobo-vision-2023-master/Debug/ImGuizmo/ImSequencer.h">
			<Option target="ImguiDbgkit"/>
		</Unit>
		<Unit filename="/home/shaobing2/Desktop/Final/jlurobo-vision-2023-master/Debug/ImGuizmo/ImZoomSlider.h">
			<Option target="ImguiDbgkit"/>
		</Unit>
		<Unit filename="/home/shaobing2/Desktop/Final/jlurobo-vision-2023-master/Debug/ImguiDbgkit.cpp">
			<Option target="ImguiDbgkit"/>
		</Unit>
		<Unit filename="/home/shaobing2/Desktop/Final/jlurobo-vision-2023-master/Debug/ImguiDbgkit.h">
			<Option target="ImguiDbgkit"/>
		</Unit>
		<Unit filename="/home/shaobing2/Desktop/Final/jlurobo-vision-2023-master/Debug/imgui/backends/imgui_impl_opengl3.cpp">
			<Option target="ImguiDbgkit"/>
		</Unit>
		<Unit filename="/home/shaobing2/Desktop/Final/jlurobo-vision-2023-master/Debug/imgui/backends/imgui_impl_opengl3.h">
			<Option target="ImguiDbgkit"/>
		</Unit>
		<Unit filename="/home/shaobing2/Desktop/Final/jlurobo-vision-2023-master/Debug/imgui/backends/imgui_impl_sdl.cpp">
			<Option target="ImguiDbgkit"/>
		</Unit>
		<Unit filename="/home/shaobing2/Desktop/Final/jlurobo-vision-2023-master/Debug/imgui/backends/imgui_impl_sdl.h">
			<Option target="ImguiDbgkit"/>
		</Unit>
		<Unit filename="/home/shaobing2/Desktop/Final/jlurobo-vision-2023-master/Debug/imgui/imconfig.h">
			<Option target="ImguiDbgkit"/>
		</Unit>
		<Unit filename="/home/shaobing2/Desktop/Final/jlurobo-vision-2023-master/Debug/imgui/imgui.cpp">
			<Option target="ImguiDbgkit"/>
		</Unit>
		<Unit filename="/home/shaobing2/Desktop/Final/jlurobo-vision-2023-master/Debug/imgui/imgui.h">
			<Option target="ImguiDbgkit"/>
		</Unit>
		<Unit filename="/home/shaobing2/Desktop/Final/jlurobo-vision-2023-master/Debug/imgui/imgui_demo.cpp">
			<Option target="ImguiDbgkit"/>
		</Unit>
		<Unit filename="/home/shaobing2/Desktop/Final/jlurobo-vision-2023-master/Debug/imgui/imgui_draw.cpp">
			<Option target="ImguiDbgkit"/>
		</Unit>
		<Unit filename="/home/shaobing2/Desktop/Final/jlurobo-vision-2023-master/Debug/imgui/imgui_internal.h">
			<Option target="ImguiDbgkit"/>
		</Unit>
		<Unit filename="/home/shaobing2/Desktop/Final/jlurobo-vision-2023-master/Debug/imgui/imgui_tables.cpp">
			<Option target="ImguiDbgkit"/>
		</Unit>
		<Unit filename="/home/shaobing2/Desktop/Final/jlurobo-vision-2023-master/Debug/imgui/imgui_widgets.cpp">
			<Option target="ImguiDbgkit"/>
		</Unit>
		<Unit filename="/home/shaobing2/Desktop/Final/jlurobo-vision-2023-master/Debug/imgui/imstb_rectpack.h">
			<Option target="ImguiDbgkit"/>
		</Unit>
		<Unit filename="/home/shaobing2/Desktop/Final/jlurobo-vision-2023-master/Debug/imgui/imstb_textedit.h">
			<Option target="ImguiDbgkit"/>
		</Unit>
		<Unit filename="/home/shaobing2/Desktop/Final/jlurobo-vision-2023-master/Debug/imgui/imstb_truetype.h">
			<Option target="ImguiDbgkit"/>
		</Unit>
		<Unit filename="/home/shaobing2/Desktop/Final/jlurobo-vision-2023-master/General/General.cpp">
			<Option target="JLURoboVision"/>
		</Unit>
		<Unit filename="/home/shaobing2/Desktop/Final/jlurobo-vision-2023-master/General/General.h">
			<Option target="JLURoboVision"/>
		</Unit>
		<Unit filename="/home/shaobing2/Desktop/Final/jlurobo-vision-2023-master/General/Platform.h">
			<Option target="JLURoboVision"/>
		</Unit>
		<Unit filename="/home/shaobing2/Desktop/Final/jlurobo-vision-2023-master/GxCamera/GxCamera.cpp">
			<Option target="JLURoboVision"/>
		</Unit>
		<Unit filename="/home/shaobing2/Desktop/Final/jlurobo-vision-2023-master/GxCamera/GxCamera.h">
			<Option target="JLURoboVision"/>
		</Unit>
		<Unit filename="/home/shaobing2/Desktop/Final/jlurobo-vision-2023-master/GxCamera/GxSDK/DxImageProc.h">
			<Option target="JLURoboVision"/>
		</Unit>
		<Unit filename="/home/shaobing2/Desktop/Final/jlurobo-vision-2023-master/GxCamera/GxSDK/GxIAPI.h">
			<Option target="JLURoboVision"/>
		</Unit>
		<Unit filename="/home/shaobing2/Desktop/Final/jlurobo-vision-2023-master/Main/ArmorDetecting.cpp">
			<Option target="JLURoboVision"/>
		</Unit>
		<Unit filename="/home/shaobing2/Desktop/Final/jlurobo-vision-2023-master/Main/ImageUpdating.cpp">
			<Option target="JLURoboVision"/>
		</Unit>
		<Unit filename="/home/shaobing2/Desktop/Final/jlurobo-vision-2023-master/Main/main.cpp">
			<Option target="JLURoboVision"/>
		</Unit>
		<Unit filename="/home/shaobing2/Desktop/Final/jlurobo-vision-2023-master/Serial/Serial.cpp">
			<Option target="JLURoboVision"/>
		</Unit>
		<Unit filename="/home/shaobing2/Desktop/Final/jlurobo-vision-2023-master/Serial/Serial.h">
			<Option target="JLURoboVision"/>
		</Unit>
		<Unit filename="/home/shaobing2/Desktop/Final/jlurobo-vision-2023-master/Thirdparty/angles.h">
			<Option target="JLURoboVision"/>
		</Unit>
		<Unit filename="/home/shaobing2/Desktop/Final/jlurobo-vision-2023-master/CMakeLists.txt">
			<Option virtualFolder="CMake Files\"/>
		</Unit>
		<Unit filename="/home/shaobing2/Desktop/Final/jlurobo-vision-2023-master/../../../../../usr/local/lib/cmake/opencv4/OpenCVConfig-version.cmake">
			<Option virtualFolder="CMake Files\..\..\..\..\..\usr\local\lib\cmake\opencv4\"/>
		</Unit>
		<Unit filename="/home/shaobing2/Desktop/Final/jlurobo-vision-2023-master/../../../../../usr/local/lib/cmake/opencv4/OpenCVConfig.cmake">
			<Option virtualFolder="CMake Files\..\..\..\..\..\usr\local\lib\cmake\opencv4\"/>
		</Unit>
		<Unit filename="/home/shaobing2/Desktop/Final/jlurobo-vision-2023-master/../../../../../usr/local/lib/cmake/opencv4/OpenCVModules-release.cmake">
			<Option virtualFolder="CMake Files\..\..\..\..\..\usr\local\lib\cmake\opencv4\"/>
		</Unit>
		<Unit filename="/home/shaobing2/Desktop/Final/jlurobo-vision-2023-master/../../../../../usr/local/lib/cmake/opencv4/OpenCVModules.cmake">
			<Option virtualFolder="CMake Files\..\..\..\..\..\usr\local\lib\cmake\opencv4\"/>
		</Unit>
		<Unit filename="/home/shaobing2/Desktop/Final/jlurobo-vision-2023-master/../../../../../usr/lib/cmake/eigen3/Eigen3Config.cmake">
			<Option virtualFolder="CMake Files\..\..\..\..\..\usr\lib\cmake\eigen3\"/>
		</Unit>
		<Unit filename="/home/shaobing2/Desktop/Final/jlurobo-vision-2023-master/../../../../../usr/lib/cmake/eigen3/Eigen3ConfigVersion.cmake">
			<Option virtualFolder="CMake Files\..\..\..\..\..\usr\lib\cmake\eigen3\"/>
		</Unit>
		<Unit filename="/home/shaobing2/Desktop/Final/jlurobo-vision-2023-master/../../../../../usr/lib/cmake/eigen3/Eigen3Targets.cmake">
			<Option virtualFolder="CMake Files\..\..\..\..\..\usr\lib\cmake\eigen3\"/>
		</Unit>
		<Unit filename="/home/shaobing2/Desktop/Final/jlurobo-vision-2023-master/../../../../../usr/lib/x86_64-linux-gnu/cmake/yaml-cpp/yaml-cpp-config-version.cmake">
			<Option virtualFolder="CMake Files\..\..\..\..\..\usr\lib\x86_64-linux-gnu\cmake\yaml-cpp\"/>
		</Unit>
		<Unit filename="/home/shaobing2/Desktop/Final/jlurobo-vision-2023-master/../../../../../usr/lib/x86_64-linux-gnu/cmake/yaml-cpp/yaml-cpp-config.cmake">
			<Option virtualFolder="CMake Files\..\..\..\..\..\usr\lib\x86_64-linux-gnu\cmake\yaml-cpp\"/>
		</Unit>
		<Unit filename="/home/shaobing2/Desktop/Final/jlurobo-vision-2023-master/../../../../../usr/lib/x86_64-linux-gnu/cmake/yaml-cpp/yaml-cpp-targets-release.cmake">
			<Option virtualFolder="CMake Files\..\..\..\..\..\usr\lib\x86_64-linux-gnu\cmake\yaml-cpp\"/>
		</Unit>
		<Unit filename="/home/shaobing2/Desktop/Final/jlurobo-vision-2023-master/../../../../../usr/lib/x86_64-linux-gnu/cmake/yaml-cpp/yaml-cpp-targets.cmake">
			<Option virtualFolder="CMake Files\..\..\..\..\..\usr\lib\x86_64-linux-gnu\cmake\yaml-cpp\"/>
		</Unit>
		<Unit filename="/home/shaobing2/Desktop/Final/jlurobo-vision-2023-master/../../../../../opt/ros/noetic/share/sophus/cmake/SophusConfig.cmake">
			<Option virtualFolder="CMake Files\..\..\..\..\..\opt\ros\noetic\share\sophus\cmake\"/>
		</Unit>
		<Unit filename="/home/shaobing2/Desktop/Final/jlurobo-vision-2023-master/../../../../../opt/ros/noetic/share/sophus/cmake/SophusConfigVersion.cmake">
			<Option virtualFolder="CMake Files\..\..\..\..\..\opt\ros\noetic\share\sophus\cmake\"/>
		</Unit>
		<Unit filename="/home/shaobing2/Desktop/Final/jlurobo-vision-2023-master/../../../../../opt/ros/noetic/share/sophus/cmake/SophusTargets.cmake">
			<Option virtualFolder="CMake Files\..\..\..\..\..\opt\ros\noetic\share\sophus\cmake\"/>
		</Unit>
		<Unit filename="/home/shaobing2/Desktop/Final/jlurobo-vision-2023-master/Debug/CMakeLists.txt">
			<Option virtualFolder="CMake Files\Debug\"/>
		</Unit>
	</Project>
</CodeBlocks_project_file>
